{
  "nodes": {
    "agenix": {
      "inputs": {
        "nixpkgs": [
          "nixpkgs"
        ]
      },
      "locked": {
        "lastModified": 1665870395,
        "narHash": "sha256-Tsbqb27LDNxOoPLh0gw2hIb6L/6Ow/6lIBvqcHzEKBI=",
        "owner": "ryantm",
        "repo": "agenix",
        "rev": "a630400067c6d03c9b3e0455347dc8559db14288",
        "type": "github"
      },
      "original": {
        "owner": "ryantm",
        "repo": "agenix",
        "type": "github"
      }
    },
    "home-manager": {
      "inputs": {
        "nixpkgs": "nixpkgs",
        "utils": "utils"
      },
      "locked": {
        "lastModified": 1671209729,
        "narHash": "sha256-zxn1eA/rMi2DOx43V7q87bGaDzvL7CMVY/Ti7lJ92DQ=",
        "owner": "nix-community",
        "repo": "home-manager",
        "rev": "7d55a72d4c1df694e87a41a7e6c9a7b6e9a40ca3",
        "type": "github"
      },
      "original": {
        "owner": "nix-community",
        "repo": "home-manager",
        "type": "github"
      }
    },
    "nixos-hardware": {
      "locked": {
        "lastModified": 1670952157,
        "narHash": "sha256-+q9UwZpzrwas01tA963pVUMAf+irMCrahcsOKjkfgI0=",
        "owner": "kekrby",
        "repo": "nixos-hardware",
        "rev": "caa67b0974a43e8084e85e63ba09e8fda5007f56",
        "type": "github"
      },
      "original": {
        "owner": "kekrby",
        "repo": "nixos-hardware",
        "type": "github"
      }
    },
    "nixos-hardware_2": {
      "locked": {
        "lastModified": 1670952157,
        "narHash": "sha256-+q9UwZpzrwas01tA963pVUMAf+irMCrahcsOKjkfgI0=",
        "owner": "kekrby",
        "repo": "nixos-hardware",
        "rev": "caa67b0974a43e8084e85e63ba09e8fda5007f56",
        "type": "github"
      },
      "original": {
        "owner": "kekrby",
        "repo": "nixos-hardware",
        "type": "github"
      }
    },
    "nixpkgs": {
      "locked": {
        "lastModified": 1669969257,
        "narHash": "sha256-mOS13sK3v+kfgP+1Mh56ohiG8uVhLHAo7m/q9kqAehc=",
        "owner": "nixos",
        "repo": "nixpkgs",
        "rev": "b72b8b94cf0c012b0252a9100a636cad69696666",
        "type": "github"
      },
      "original": {
        "owner": "nixos",
        "ref": "nixos-unstable",
        "repo": "nixpkgs",
        "type": "github"
      }
    },
    "nixpkgs_2": {
      "locked": {
        "lastModified": 1671200928,
        "narHash": "sha256-mZfzDyzojwj6I0wyooIjGIn81WtGVnx6+avU5Wv+VKU=",
        "owner": "NixOS",
        "repo": "nixpkgs",
        "rev": "757b82211463dd5ba1475b6851d3731dfe14d377",
        "type": "github"
      },
      "original": {
        "owner": "NixOS",
        "ref": "nixos-unstable",
        "repo": "nixpkgs",
        "type": "github"
      }
    },
    "nixpkgs_3": {
      "locked": {
        "lastModified": 1670841420,
        "narHash": "sha256-mSEia1FzrsHbfqjorMyYiX8NXdDVeR1Pw1k55jMJlJY=",
        "owner": "NixOS",
        "repo": "nixpkgs",
        "rev": "33e0d99cbedf2acfd7340d2150837fbb28039a64",
        "type": "github"
      },
      "original": {
        "owner": "NixOS",
        "ref": "nixos-unstable",
        "repo": "nixpkgs",
        "type": "github"
      }
    },
    "root": {
      "inputs": {
        "agenix": "agenix",
        "home-manager": "home-manager",
        "nixos-hardware": "nixos-hardware",
        "nixpkgs": "nixpkgs_2",
        "nixpkgs-Compat": [
          "t2-iso",
          "nixpkgs"
        ],
        "t2-iso": "t2-iso"
      }
    },
    "t2-iso": {
      "inputs": {
        "nixos-hardware": "nixos-hardware_2",
        "nixpkgs": "nixpkgs_3"
      },
      "locked": {
        "lastModified": 1670952369,
        "narHash": "sha256-KiDou4dUmetEhFXzQJcx5hZC17oKw0MQh+Q+waohxVM=",
        "owner": "t2linux",
        "repo": "nixos-t2-iso",
        "rev": "f4e500d19cd4b746d398c79cb7f98165fc37ae8b",
        "type": "github"
      },
      "original": {
        "owner": "t2linux",
        "repo": "nixos-t2-iso",
        "type": "github"
      }
    },
    "utils": {
      "locked": {
        "lastModified": 1667395993,
        "narHash": "sha256-nuEHfE/LcWyuSWnS8t12N1wc105Qtau+/OdUAjtQ0rA=",
        "owner": "numtide",
        "repo": "flake-utils",
        "rev": "5aed5285a952e0b949eb3ba02c12fa4fcfef535f",
        "type": "github"
      },
      "original": {
        "owner": "numtide",
        "repo": "flake-utils",
        "type": "github"
      }
    }
  },
  "root": "root",
  "version": 7
}
